lockfileVersion: 5.4

specifiers:
  '@monaco-editor/loader': ^1.3.2
  monaco-editor: ^0.33.0
  svelte: ^3.48.0
  typescript: ^4.7.4

dependencies:
  '@monaco-editor/loader': 1.3.2_monaco-editor@0.33.0
  monaco-editor: 0.33.0

devDependencies:
  svelte: 3.48.0
  typescript: 4.7.4

packages:

  /@monaco-editor/loader/1.3.2_monaco-editor@0.33.0:
    resolution: {integrity: sha512-BTDbpHl3e47r3AAtpfVFTlAi7WXv4UQ/xZmz8atKl4q7epQV5e7+JbigFDViWF71VBi4IIBdcWP57Hj+OWuc9g==}
    peerDependencies:
      monaco-editor: '>= 0.21.0 < 1'
    dependencies:
      monaco-editor: 0.33.0
      state-local: 1.0.7
    dev: false

  /monaco-editor/0.33.0:
    resolution: {integrity: sha512-VcRWPSLIUEgQJQIE0pVT8FcGBIgFoxz7jtqctE+IiCxWugD0DwgyQBcZBhdSrdMC84eumoqMZsGl2GTreOzwqw==}
    dev: false

  /state-local/1.0.7:
    resolution: {integrity: sha512-HTEHMNieakEnoe33shBYcZ7NX83ACUjCu8c40iOGEZsngj9zRnkqS9j1pqQPXwobB0ZcVTk27REb7COQ0UR59w==}
    dev: false

  /svelte/3.48.0:
    resolution: {integrity: sha512-fN2YRm/bGumvjUpu6yI3BpvZnpIm9I6A7HR4oUNYd7ggYyIwSA/BX7DJ+UXXffLp6XNcUijyLvttbPVCYa/3xQ==}
    engines: {node: '>= 8'}
    dev: true

  /typescript/4.7.4:
    resolution: {integrity: sha512-C0WQT0gezHuw6AdY1M2jxUO83Rjf0HP7Sk1DtXj6j1EwkQNZrHAg2XPWlq62oqEhYvONq5pkC2Y9oPljWToLmQ==}
    engines: {node: '>=4.2.0'}
    hasBin: true
    dev: true
